# THIS IS AN AUTOGENERATED FILE. DO NOT EDIT THIS FILE DIRECTLY.
# yarn lockfile v1


"@babel/helper-module-imports@^7.0.0-beta.34":
  version "7.0.0-beta.35"
  resolved "http://registry.npm.taobao.org/@babel/helper-module-imports/download/@babel/helper-module-imports-7.0.0-beta.35.tgz#308e350e731752cdb4d0f058df1d704925c64e0a"
  dependencies:
    "@babel/types" "7.0.0-beta.35"
    lodash "^4.2.0"

"@babel/types@7.0.0-beta.35":
  version "7.0.0-beta.35"
  resolved "http://registry.npm.taobao.org/@babel/types/download/@babel/types-7.0.0-beta.35.tgz#cf933a9a9a38484ca724b335b88d83726d5ab960"
  dependencies:
    esutils "^2.0.2"
    lodash "^4.2.0"
    to-fast-properties "^2.0.0"

add-dom-event-listener@1.x:
  version "1.0.2"
  resolved "http://registry.npm.taobao.org/add-dom-event-listener/download/add-dom-event-listener-1.0.2.tgz#8faed2c41008721cf111da1d30d995b85be42bed"
  dependencies:
    object-assign "4.x"

antd@^3.0.1:
  version "3.0.1"
  resolved "http://registry.npm.taobao.org/antd/download/antd-3.0.1.tgz#46d3e05a28e8c19d1298034cab0e03b71e479a2e"
  dependencies:
    array-tree-filter "~1.0.0"
    babel-runtime "6.x"
    classnames "~2.2.0"
    create-react-class "^15.6.0"
    css-animation "^1.2.5"
    dom-closest "^0.2.0"
    enquire.js "^2.1.1"
    lodash.debounce "^4.0.8"
    moment "^2.19.3"
    omit.js "^1.0.0"
    prop-types "^15.5.7"
    rc-animate "^2.4.1"
    rc-calendar "~9.3.0"
    rc-cascader "~0.12.0"
    rc-checkbox "~2.1.1"
    rc-collapse "~1.7.5"
    rc-dialog "~7.0.3"
    rc-dropdown "~2.1.0"
    rc-editor-mention "^1.0.2"
    rc-form "^2.1.0"
    rc-input-number "~4.0.0"
    rc-menu "~6.2.0"
    rc-notification "~3.0.0"
    rc-pagination "~1.12.4"
    rc-progress "~2.2.2"
    rc-rate "~2.3.0"
    rc-select "~7.3.2"
    rc-slider "~8.5.0"
    rc-steps "~3.0.0"
    rc-switch "~1.6.0"
    rc-table "~6.1.0"
    rc-tabs "~9.1.2"
    rc-time-picker "~3.2.1"
    rc-tooltip "~3.7.0"
    rc-tree "~1.7.0"
    rc-tree-select "~1.12.0"
    rc-upload "~2.4.0"
    rc-util "^4.0.4"
    react-lazy-load "^3.0.12"
    react-slick "~0.15.4"
    shallowequal "^1.0.1"
    warning "~3.0.0"

array-tree-filter@^1.0.0, array-tree-filter@~1.0.0:
  version "1.0.1"
  resolved "http://registry.npm.taobao.org/array-tree-filter/download/array-tree-filter-1.0.1.tgz#0a8ad1eefd38ce88858632f9cc0423d7634e4d5d"

asap@~2.0.3:
  version "2.0.6"
  resolved "http://registry.npm.taobao.org/asap/download/asap-2.0.6.tgz#e50347611d7e690943208bbdafebcbc2fb866d46"

async-validator@1.x:
  version "1.8.2"
  resolved "http://registry.npm.taobao.org/async-validator/download/async-validator-1.8.2.tgz#b77597226e96242f8d531c0d46ae295f62422ba4"
  dependencies:
    babel-runtime "6.x"

babel-plugin-import@^1.6.3:
  version "1.6.3"
  resolved "http://registry.npm.taobao.org/babel-plugin-import/download/babel-plugin-import-1.6.3.tgz#f4deeac51ff9f997c9cf38e8d7d7b9142504eaf5"
  dependencies:
    "@babel/helper-module-imports" "^7.0.0-beta.34"

babel-runtime@6.x, babel-runtime@^6.23.0, babel-runtime@^6.26.0:
  version "6.26.0"
  resolved "http://registry.npm.taobao.org/babel-runtime/download/babel-runtime-6.26.0.tgz#965c7058668e82b55d7bfe04ff2337bc8b5647fe"
  dependencies:
    core-js "^2.4.0"
    regenerator-runtime "^0.11.0"

can-use-dom@^0.1.0:
  version "0.1.0"
  resolved "http://registry.npm.taobao.org/can-use-dom/download/can-use-dom-0.1.0.tgz#22cc4a34a0abc43950f42c6411024a3f6366b45a"

classnames@2.x, classnames@^2.2.0, classnames@^2.2.1, classnames@^2.2.3, classnames@^2.2.5, classnames@~2.2.0:
  version "2.2.5"
  resolved "http://registry.npm.taobao.org/classnames/download/classnames-2.2.5.tgz#fb3801d453467649ef3603c7d61a02bd129bde6d"

component-classes@1.x, component-classes@^1.2.5, component-classes@^1.2.6:
  version "1.2.6"
  resolved "http://registry.npm.taobao.org/component-classes/download/component-classes-1.2.6.tgz#c642394c3618a4d8b0b8919efccbbd930e5cd691"
  dependencies:
    component-indexof "0.0.3"

component-indexof@0.0.3:
  version "0.0.3"
  resolved "http://registry.npm.taobao.org/component-indexof/download/component-indexof-0.0.3.tgz#11d091312239eb8f32c8f25ae9cb002ffe8d3c24"

core-js@^1.0.0:
  version "1.2.7"
  resolved "http://registry.npm.taobao.org/core-js/download/core-js-1.2.7.tgz#652294c14651db28fa93bd2d5ff2983a4f08c636"

core-js@^2.4.0:
  version "2.5.3"
  resolved "http://registry.npm.taobao.org/core-js/download/core-js-2.5.3.tgz#8acc38345824f16d8365b7c9b4259168e8ed603e"

create-react-class@15.x, create-react-class@^15.5.2, create-react-class@^15.5.3, create-react-class@^15.6.0:
  version "15.6.2"
  resolved "http://registry.npm.taobao.org/create-react-class/download/create-react-class-15.6.2.tgz#cf1ed15f12aad7f14ef5f2dfe05e6c42f91ef02a"
  dependencies:
    fbjs "^0.8.9"
    loose-envify "^1.3.1"
    object-assign "^4.1.1"

css-animation@1.x, css-animation@^1.2.5, css-animation@^1.3.2:
  version "1.4.1"
  resolved "http://registry.npm.taobao.org/css-animation/download/css-animation-1.4.1.tgz#5b8813125de0fbbbb0bbe1b472ae84221469b7a8"
  dependencies:
    babel-runtime "6.x"
    component-classes "^1.2.5"

dom-align@1.x:
  version "1.6.6"
  resolved "http://registry.npm.taobao.org/dom-align/download/dom-align-1.6.6.tgz#cceef0e30a07e7036aa6d00d1297a2fd91c3a091"

dom-closest@^0.2.0:
  version "0.2.0"
  resolved "http://registry.npm.taobao.org/dom-closest/download/dom-closest-0.2.0.tgz#ebd9f91d1bf22e8d6f477876bbcd3ec90216c0cf"
  dependencies:
    dom-matches ">=1.0.1"

dom-matches@>=1.0.1:
  version "2.0.0"
  resolved "http://registry.npm.taobao.org/dom-matches/download/dom-matches-2.0.0.tgz#d2728b416a87533980eb089b848d253cf23a758c"

dom-scroll-into-view@1.x, dom-scroll-into-view@^1.2.0:
  version "1.2.1"
  resolved "http://registry.npm.taobao.org/dom-scroll-into-view/download/dom-scroll-into-view-1.2.1.tgz#e8f36732dd089b0201a88d7815dc3f88e6d66c7e"

draft-js@^0.10.0, draft-js@~0.10.0:
  version "0.10.4"
  resolved "http://registry.npm.taobao.org/draft-js/download/draft-js-0.10.4.tgz#147741642097c8120d8edc232e9503e8b7fb8d35"
  dependencies:
    fbjs "^0.8.15"
    immutable "~3.7.4"
    object-assign "^4.1.0"

encoding@^0.1.11:
  version "0.1.12"
  resolved "http://registry.npm.taobao.org/encoding/download/encoding-0.1.12.tgz#538b66f3ee62cd1ab51ec323829d1f9480c74beb"
  dependencies:
    iconv-lite "~0.4.13"

enquire.js@^2.1.1, enquire.js@^2.1.6:
  version "2.1.6"
  resolved "http://registry.npm.taobao.org/enquire.js/download/enquire.js-2.1.6.tgz#3e8780c9b8b835084c3f60e166dbc3c2a3c89814"

esutils@^2.0.2:
  version "2.0.2"
  resolved "http://registry.npm.taobao.org/esutils/download/esutils-2.0.2.tgz#0abf4f1caa5bcb1f7a9d8acc6dea4faaa04bac9b"

eventlistener@0.0.1:
  version "0.0.1"
  resolved "http://registry.npm.taobao.org/eventlistener/download/eventlistener-0.0.1.tgz#ed2baabb852227af2bcf889152c72c63ca532eb8"

fbjs@^0.8.15, fbjs@^0.8.16, fbjs@^0.8.9:
  version "0.8.16"
  resolved "http://registry.npm.taobao.org/fbjs/download/fbjs-0.8.16.tgz#5e67432f550dc41b572bf55847b8aca64e5337db"
  dependencies:
    core-js "^1.0.0"
    isomorphic-fetch "^2.1.1"
    loose-envify "^1.0.0"
    object-assign "^4.1.0"
    promise "^7.1.1"
    setimmediate "^1.0.5"
    ua-parser-js "^0.7.9"

hammerjs@^2.0.8:
  version "2.0.8"
  resolved "http://registry.npm.taobao.org/hammerjs/download/hammerjs-2.0.8.tgz#04ef77862cff2bb79d30f7692095930222bf60f1"

hoist-non-react-statics@^2.3.1:
  version "2.3.1"
  resolved "http://registry.npm.taobao.org/hoist-non-react-statics/download/hoist-non-react-statics-2.3.1.tgz#343db84c6018c650778898240135a1420ee22ce0"

iconv-lite@~0.4.13:
  version "0.4.19"
  resolved "http://registry.npm.taobao.org/iconv-lite/download/iconv-lite-0.4.19.tgz#f7468f60135f5e5dad3399c0a81be9a1603a082b"

immutable@^3.7.4:
  version "3.8.2"
  resolved "http://registry.npm.taobao.org/immutable/download/immutable-3.8.2.tgz#c2439951455bb39913daf281376f1530e104adf3"

immutable@~3.7.4:
  version "3.7.6"
  resolved "http://registry.npm.taobao.org/immutable/download/immutable-3.7.6.tgz#13b4d3cb12befa15482a26fe1b2ebae640071e4b"

is-stream@^1.0.1:
  version "1.1.0"
  resolved "http://registry.npm.taobao.org/is-stream/download/is-stream-1.1.0.tgz#12d4a3dd4e68e0b79ceb8dbc84173ae80d91ca44"

isomorphic-fetch@^2.1.1:
  version "2.2.1"
  resolved "http://registry.npm.taobao.org/isomorphic-fetch/download/isomorphic-fetch-2.2.1.tgz#611ae1acf14f5e81f729507472819fe9733558a9"
  dependencies:
    node-fetch "^1.0.1"
    whatwg-fetch ">=0.10.0"

js-tokens@^3.0.0:
  version "3.0.2"
  resolved "http://registry.npm.taobao.org/js-tokens/download/js-tokens-3.0.2.tgz#9866df395102130e38f7f996bceb65443209c25b"

json2mq@^0.2.0:
  version "0.2.0"
  resolved "http://registry.npm.taobao.org/json2mq/download/json2mq-0.2.0.tgz#b637bd3ba9eabe122c83e9720483aeb10d2c904a"
  dependencies:
    string-convert "^0.2.0"

lodash._getnative@^3.0.0:
  version "3.9.1"
  resolved "http://registry.npm.taobao.org/lodash._getnative/download/lodash._getnative-3.9.1.tgz#570bc7dede46d61cdcde687d65d3eecbaa3aaff5"

lodash.debounce@^4.0.0, lodash.debounce@^4.0.8:
  version "4.0.8"
  resolved "http://registry.npm.taobao.org/lodash.debounce/download/lodash.debounce-4.0.8.tgz#82d79bff30a67c4005ffd5e2515300ad9ca4d7af"

lodash.get@^4.4.2:
  version "4.4.2"
  resolved "http://registry.npm.taobao.org/lodash.get/download/lodash.get-4.4.2.tgz#2d177f652fa31e939b4438d5341499dfa3825e99"

lodash.isarguments@^3.0.0:
  version "3.1.0"
  resolved "http://registry.npm.taobao.org/lodash.isarguments/download/lodash.isarguments-3.1.0.tgz#2f573d85c6a24289ff00663b491c1d338ff3458a"

lodash.isarray@^3.0.0:
  version "3.0.4"
  resolved "http://registry.npm.taobao.org/lodash.isarray/download/lodash.isarray-3.0.4.tgz#79e4eb88c36a8122af86f844aa9bcd851b5fbb55"

lodash.keys@^3.1.2:
  version "3.1.2"
  resolved "http://registry.npm.taobao.org/lodash.keys/download/lodash.keys-3.1.2.tgz#4dbc0472b156be50a0b286855d1bd0b0c656098a"
  dependencies:
    lodash._getnative "^3.0.0"
    lodash.isarguments "^3.0.0"
    lodash.isarray "^3.0.0"

lodash.merge@^4.6.0:
  version "4.6.0"
  resolved "http://registry.npm.taobao.org/lodash.merge/download/lodash.merge-4.6.0.tgz#69884ba144ac33fe699737a6086deffadd0f89c5"

lodash.throttle@^4.0.0:
  version "4.1.1"
  resolved "http://registry.npm.taobao.org/lodash.throttle/download/lodash.throttle-4.1.1.tgz#c23e91b710242ac70c37f1e1cda9274cc39bf2f4"

lodash@^4.16.5, lodash@^4.17.4, lodash@^4.2.0:
  version "4.17.4"
  resolved "http://registry.npm.taobao.org/lodash/download/lodash-4.17.4.tgz#78203a4d1c328ae1d86dca6460e369b57f4055ae"

loose-envify@^1.0.0, loose-envify@^1.3.1:
  version "1.3.1"
  resolved "http://registry.npm.taobao.org/loose-envify/download/loose-envify-1.3.1.tgz#d1a8ad33fa9ce0e713d65fdd0ac8b748d478c848"
  dependencies:
    js-tokens "^3.0.0"

mini-store@^1.0.2:
  version "1.0.3"
  resolved "http://registry.npm.taobao.org/mini-store/download/mini-store-1.0.3.tgz#190e90831be7a3862baa532168b579273b00d818"
  dependencies:
    hoist-non-react-statics "^2.3.1"
    prop-types "^15.6.0"
    shallowequal "^1.0.2"

moment@2.x, moment@^2.19.3:
  version "2.20.0"
  resolved "http://registry.npm.taobao.org/moment/download/moment-2.20.0.tgz#53396358994dd3a551e966a66af715ecb6c30ad0"

node-fetch@^1.0.1:
  version "1.7.3"
  resolved "http://registry.npm.taobao.org/node-fetch/download/node-fetch-1.7.3.tgz#980f6f72d85211a5347c6b2bc18c5b84c3eb47ef"
  dependencies:
    encoding "^0.1.11"
    is-stream "^1.0.1"

object-assign@4.x, object-assign@^4.0.1, object-assign@^4.1.0, object-assign@^4.1.1, object-assign@~4.1.0:
  version "4.1.1"
  resolved "http://registry.npm.taobao.org/object-assign/download/object-assign-4.1.1.tgz#2109adc7965887cfc05cbbd442cac8bfbb360863"

omit.js@^1.0.0:
  version "1.0.0"
  resolved "http://registry.npm.taobao.org/omit.js/download/omit.js-1.0.0.tgz#e013cb86a7517b9cf6f7cfb0ddb4297256a99288"
  dependencies:
    babel-runtime "^6.23.0"

promise@^7.1.1:
  version "7.3.1"
  resolved "http://registry.npm.taobao.org/promise/download/promise-7.3.1.tgz#064b72602b18f90f29192b8b1bc418ffd1ebd3bf"
  dependencies:
    asap "~2.0.3"

prop-types@15.x, prop-types@^15.5.10, prop-types@^15.5.4, prop-types@^15.5.6, prop-types@^15.5.7, prop-types@^15.5.8, prop-types@^15.5.9, prop-types@^15.6.0:
  version "15.6.0"
  resolved "http://registry.npm.taobao.org/prop-types/download/prop-types-15.6.0.tgz#ceaf083022fc46b4a35f69e13ef75aed0d639856"
  dependencies:
    fbjs "^0.8.16"
    loose-envify "^1.3.1"
    object-assign "^4.1.1"

rc-align@2.x:
  version "2.3.5"
  resolved "http://registry.npm.taobao.org/rc-align/download/rc-align-2.3.5.tgz#5085cfa4d685ee9d030b9afd2971eb370c5e80a1"
  dependencies:
    babel-runtime "^6.26.0"
    dom-align "1.x"
    prop-types "^15.5.8"
    rc-util "^4.0.4"

rc-animate@2.x, rc-animate@^2.0.2, rc-animate@^2.3.0, rc-animate@^2.4.1:
  version "2.4.1"
  resolved "http://registry.npm.taobao.org/rc-animate/download/rc-animate-2.4.1.tgz#df3e0f56fe106afe4bf52ff408ced241c5178919"
  dependencies:
    babel-runtime "6.x"
    css-animation "^1.3.2"
    prop-types "15.x"

rc-calendar@~9.3.0:
  version "9.3.1"
  resolved "http://registry.npm.taobao.org/rc-calendar/download/rc-calendar-9.3.1.tgz#64b47e5a90de8438fc7f3fb6d16314960eac79a4"
  dependencies:
    babel-runtime "6.x"
    classnames "2.x"
    create-react-class "^15.5.2"
    moment "2.x"
    prop-types "^15.5.8"
    rc-trigger "^2.2.0"
    rc-util "^4.1.1"

rc-cascader@~0.12.0:
  version "0.12.1"
  resolved "http://registry.npm.taobao.org/rc-cascader/download/rc-cascader-0.12.1.tgz#0148514a8dd747c2335527c172ea0cf44180f940"
  dependencies:
    array-tree-filter "^1.0.0"
    prop-types "^15.5.8"
    rc-trigger "^2.2.0"
    rc-util "^4.0.4"
    shallow-equal "^1.0.0"

rc-checkbox@~2.1.1:
  version "2.1.1"
  resolved "http://registry.npm.taobao.org/rc-checkbox/download/rc-checkbox-2.1.1.tgz#7b2d3632285eaad9cad78612a6643d7d34589e72"
  dependencies:
    babel-runtime "^6.23.0"
    classnames "2.x"
    prop-types "15.x"
    rc-util "^4.0.4"

rc-collapse@~1.7.5:
  version "1.7.6"
  resolved "http://registry.npm.taobao.org/rc-collapse/download/rc-collapse-1.7.6.tgz#64433512d921f750df61433e675bb9547ba5ef6b"
  dependencies:
    classnames "2.x"
    css-animation "1.x"
    prop-types "^15.5.6"
    rc-animate "2.x"

rc-dialog@~7.0.3:
  version "7.0.4"
  resolved "http://registry.npm.taobao.org/rc-dialog/download/rc-dialog-7.0.4.tgz#a883cb6ef47db406b883b436c1860df1c6c45e64"
  dependencies:
    babel-runtime "6.x"
    create-react-class "^15.5.2"
    object-assign "~4.1.0"
    rc-animate "2.x"
    rc-util "^4.1.0"

rc-dropdown@~2.1.0:
  version "2.1.0"
  resolved "http://registry.npm.taobao.org/rc-dropdown/download/rc-dropdown-2.1.0.tgz#ae39db67e593ef4ed889dee99ef13ae3994a5c7f"
  dependencies:
    babel-runtime "^6.26.0"
    prop-types "^15.5.8"
    rc-trigger "^2.2.2"

rc-editor-core@~0.8.1:
  version "0.8.3"
  resolved "http://registry.npm.taobao.org/rc-editor-core/download/rc-editor-core-0.8.3.tgz#0be6a37a10152ae6d58bd2ecfefdf2c80ce0689a"
  dependencies:
    babel-runtime "^6.26.0"
    draft-js "^0.10.0"
    immutable "^3.7.4"
    lodash "^4.16.5"
    prop-types "^15.5.8"
    setimmediate "^1.0.5"

rc-editor-mention@^1.0.2:
  version "1.1.1"
  resolved "http://registry.npm.taobao.org/rc-editor-mention/download/rc-editor-mention-1.1.1.tgz#25893ee7906398fcefbef1dd38490cbf99a79ef7"
  dependencies:
    babel-runtime "^6.23.0"
    classnames "^2.2.5"
    dom-scroll-into-view "^1.2.0"
    draft-js "~0.10.0"
    prop-types "^15.5.8"
    rc-animate "^2.3.0"
    rc-editor-core "~0.8.1"

rc-form@^2.1.0:
  version "2.1.6"
  resolved "http://registry.npm.taobao.org/rc-form/download/rc-form-2.1.6.tgz#31181709f2ee9c73c7574c73639b8df5fcdfcaee"
  dependencies:
    async-validator "1.x"
    babel-runtime "6.x"
    create-react-class "^15.5.3"
    dom-scroll-into-view "1.x"
    hoist-non-react-statics "^2.3.1"
    lodash "^4.17.4"
    warning "^3.0.0"

rc-hammerjs@~0.6.0:
  version "0.6.9"
  resolved "http://registry.npm.taobao.org/rc-hammerjs/download/rc-hammerjs-0.6.9.tgz#9a4ddbda1b2ec8f9b9596091a6a989842a243907"
  dependencies:
    babel-runtime "6.x"
    hammerjs "^2.0.8"
    prop-types "^15.5.9"

rc-input-number@~4.0.0:
  version "4.0.1"
  resolved "http://registry.npm.taobao.org/rc-input-number/download/rc-input-number-4.0.1.tgz#1470e4c358e5417a288fe8dc589c31790ffe9f2c"
  dependencies:
    babel-runtime "6.x"
    classnames "^2.2.0"
    prop-types "^15.5.7"
    rmc-feedback "^1.0.0"

rc-menu@^6.1.0, rc-menu@~6.2.0:
  version "6.2.4"
  resolved "http://registry.npm.taobao.org/rc-menu/download/rc-menu-6.2.4.tgz#5ee1b8202ffaa234d6f97e8cebd4a3ccf27f44da"
  dependencies:
    babel-runtime "6.x"
    classnames "2.x"
    create-react-class "^15.5.2"
    dom-scroll-into-view "1.x"
    prop-types "^15.5.6"
    rc-animate "2.x"
    rc-trigger "^2.3.0"
    rc-util "^4.1.0"

rc-notification@~3.0.0:
  version "3.0.0"
  resolved "http://registry.npm.taobao.org/rc-notification/download/rc-notification-3.0.0.tgz#cefbeb8a03052dc5b988a07f9ba31895e886ac2e"
  dependencies:
    babel-runtime "6.x"
    classnames "2.x"
    prop-types "^15.5.8"
    rc-animate "2.x"
    rc-util "^4.0.4"

rc-pagination@~1.12.4:
  version "1.12.11"
  resolved "http://registry.npm.taobao.org/rc-pagination/download/rc-pagination-1.12.11.tgz#ed0a4ef4d5c44495eebe1fb669daefabdb303f3d"
  dependencies:
    babel-runtime "6.x"
    prop-types "^15.5.7"

rc-progress@~2.2.2:
  version "2.2.5"
  resolved "http://registry.npm.taobao.org/rc-progress/download/rc-progress-2.2.5.tgz#e61d0544bf9d4208e5ba32fc50962159e7f952a3"
  dependencies:
    babel-runtime "6.x"
    prop-types "^15.5.8"

rc-rate@~2.3.0:
  version "2.3.0"
  resolved "http://registry.npm.taobao.org/rc-rate/download/rc-rate-2.3.0.tgz#abdaad4bb0a7d250cf8bde58dc84936ade2ba2cb"
  dependencies:
    babel-runtime "^6.26.0"
    classnames "^2.2.5"
    prop-types "^15.5.8"
    rc-util "^4.3.0"

rc-select@~7.3.2:
  version "7.3.3"
  resolved "http://registry.npm.taobao.org/rc-select/download/rc-select-7.3.3.tgz#e8294f149416a50b1511eb71ae0c2fbca0b4e5f6"
  dependencies:
    babel-runtime "^6.23.0"
    classnames "2.x"
    component-classes "1.x"
    dom-scroll-into-view "1.x"
    prop-types "^15.5.8"
    rc-animate "2.x"
    rc-menu "^6.1.0"
    rc-trigger "^2.2.0"
    rc-util "^4.0.4"
    warning "^3.0.0"

rc-slider@~8.5.0:
  version "8.5.0"
  resolved "http://registry.npm.taobao.org/rc-slider/download/rc-slider-8.5.0.tgz#6fae97d8ba59a012af69a00409f21925b8954cf5"
  dependencies:
    babel-runtime "6.x"
    classnames "^2.2.5"
    prop-types "^15.5.4"
    rc-tooltip "^3.7.0"
    rc-util "^4.0.4"
    shallowequal "^1.0.1"
    warning "^3.0.0"

rc-steps@~3.0.0:
  version "3.0.1"
  resolved "http://registry.npm.taobao.org/rc-steps/download/rc-steps-3.0.1.tgz#fa886eb93d223173ef9a05396f32186992549535"
  dependencies:
    babel-runtime "^6.23.0"
    classnames "^2.2.3"
    lodash.debounce "^4.0.8"
    prop-types "^15.5.7"

rc-switch@~1.6.0:
  version "1.6.0"
  resolved "http://registry.npm.taobao.org/rc-switch/download/rc-switch-1.6.0.tgz#c2d7369bdb87c1fd45e84989a27c1fb2f201d2fd"
  dependencies:
    babel-runtime "^6.23.0"
    classnames "^2.2.1"
    prop-types "^15.5.6"

rc-table@~6.1.0:
  version "6.1.1"
  resolved "http://registry.npm.taobao.org/rc-table/download/rc-table-6.1.1.tgz#638fd8746344f8272ccf120b6c4a5423bb8cac5f"
  dependencies:
    babel-runtime "6.x"
    component-classes "^1.2.6"
    lodash.get "^4.4.2"
    lodash.merge "^4.6.0"
    mini-store "^1.0.2"
    prop-types "^15.5.8"
    rc-util "^4.0.4"
    shallowequal "^1.0.2"
    warning "^3.0.0"

rc-tabs@~9.1.2:
  version "9.1.10"
  resolved "http://registry.npm.taobao.org/rc-tabs/download/rc-tabs-9.1.10.tgz#4307af2c83314f2c5aa8feae09de08a71a3f3244"
  dependencies:
    babel-runtime "6.x"
    classnames "2.x"
    create-react-class "15.x"
    lodash.debounce "^4.0.8"
    prop-types "15.x"
    rc-hammerjs "~0.6.0"
    rc-util "^4.0.4"
    warning "^3.0.0"

rc-time-picker@~3.2.1:
  version "3.2.1"
  resolved "http://registry.npm.taobao.org/rc-time-picker/download/rc-time-picker-3.2.1.tgz#e105fed32814bb95f37dbc60b49495cd787abfa2"
  dependencies:
    babel-runtime "6.x"
    classnames "2.x"
    moment "2.x"
    prop-types "^15.5.8"
    rc-trigger "^2.2.0"

rc-tooltip@^3.7.0, rc-tooltip@~3.7.0:
  version "3.7.0"
  resolved "http://registry.npm.taobao.org/rc-tooltip/download/rc-tooltip-3.7.0.tgz#3afbf109865f7cdcfe43752f3f3f501f7be37aaa"
  dependencies:
    babel-runtime "6.x"
    prop-types "^15.5.8"
    rc-trigger "^2.2.2"

rc-tree-select@~1.12.0:
  version "1.12.3"
  resolved "http://registry.npm.taobao.org/rc-tree-select/download/rc-tree-select-1.12.3.tgz#7bde797bf8b5c54657ba0e1d0831df1fdb3cf505"
  dependencies:
    babel-runtime "^6.23.0"
    classnames "^2.2.1"
    object-assign "^4.0.1"
    prop-types "^15.5.8"
    rc-animate "^2.0.2"
    rc-tree "~1.7.1"
    rc-trigger "^2.2.2"
    rc-util "^4.0.2"

rc-tree@~1.7.0, rc-tree@~1.7.1:
  version "1.7.10"
  resolved "http://registry.npm.taobao.org/rc-tree/download/rc-tree-1.7.10.tgz#8d93d73fa3a91ebf6dde4ebaa98e750a9c8fe154"
  dependencies:
    babel-runtime "^6.23.0"
    classnames "2.x"
    prop-types "^15.5.8"
    rc-animate "2.x"
    rc-util "^4.0.4"
    warning "^3.0.0"

rc-trigger@^2.2.0, rc-trigger@^2.2.2, rc-trigger@^2.3.0:
  version "2.3.3"
  resolved "http://registry.npm.taobao.org/rc-trigger/download/rc-trigger-2.3.3.tgz#406c5ddea594aca71d067852f27d91a5f3a653b8"
  dependencies:
    babel-runtime "6.x"
    create-react-class "15.x"
    prop-types "15.x"
    rc-align "2.x"
    rc-animate "2.x"
    rc-util "^4.3.0"

rc-upload@~2.4.0:
  version "2.4.4"
  resolved "http://registry.npm.taobao.org/rc-upload/download/rc-upload-2.4.4.tgz#28e1e6a3e44d1b1f92e57e21927cfa2763ac2a21"
  dependencies:
    babel-runtime "6.x"
    classnames "^2.2.5"
    prop-types "^15.5.7"
    warning "2.x"

rc-util@^4.0.2, rc-util@^4.0.4, rc-util@^4.1.0, rc-util@^4.1.1, rc-util@^4.3.0:
  version "4.3.1"
  resolved "http://registry.npm.taobao.org/rc-util/download/rc-util-4.3.1.tgz#79f0adb30f449c1b29d7c5cdb2d82c193920c362"
  dependencies:
    add-dom-event-listener "1.x"
    babel-runtime "6.x"
    prop-types "^15.5.10"
    shallowequal "^0.2.2"

react-lazy-load@^3.0.12:
  version "3.0.13"
  resolved "http://registry.npm.taobao.org/react-lazy-load/download/react-lazy-load-3.0.13.tgz#3b0a92d336d43d3f0d73cbe6f35b17050b08b824"
  dependencies:
    eventlistener "0.0.1"
    lodash.debounce "^4.0.0"
    lodash.throttle "^4.0.0"
    prop-types "^15.5.8"

react-slick@~0.15.4:
  version "0.15.4"
  resolved "http://registry.npm.taobao.org/react-slick/download/react-slick-0.15.4.tgz#6709c87b06e7640feeacc06711be42cc2066aabe"
  dependencies:
    can-use-dom "^0.1.0"
    classnames "^2.2.5"
    create-react-class "^15.5.2"
    enquire.js "^2.1.6"
    json2mq "^0.2.0"
    object-assign "^4.1.0"
    slick-carousel "^1.6.0"

regenerator-runtime@^0.11.0:
  version "0.11.1"
  resolved "http://registry.npm.taobao.org/regenerator-runtime/download/regenerator-runtime-0.11.1.tgz#be05ad7f9bf7d22e056f9726cee5017fbf19e2e9"

rmc-feedback@^1.0.0:
  version "1.0.3"
  resolved "http://registry.npm.taobao.org/rmc-feedback/download/rmc-feedback-1.0.3.tgz#efd9d75c51998857c7a9a495ee507313a81aaee9"
  dependencies:
    babel-runtime "6.x"
    classnames "^2.2.5"

setimmediate@^1.0.5:
  version "1.0.5"
  resolved "http://registry.npm.taobao.org/setimmediate/download/setimmediate-1.0.5.tgz#290cbb232e306942d7d7ea9b83732ab7856f8285"

shallow-equal@^1.0.0:
  version "1.0.0"
  resolved "http://registry.npm.taobao.org/shallow-equal/download/shallow-equal-1.0.0.tgz#508d1838b3de590ab8757b011b25e430900945f7"

shallowequal@^0.2.2:
  version "0.2.2"
  resolved "http://registry.npm.taobao.org/shallowequal/download/shallowequal-0.2.2.tgz#1e32fd5bcab6ad688a4812cb0cc04efc75c7014e"
  dependencies:
    lodash.keys "^3.1.2"

shallowequal@^1.0.1, shallowequal@^1.0.2:
  version "1.0.2"
  resolved "http://registry.npm.taobao.org/shallowequal/download/shallowequal-1.0.2.tgz#1561dbdefb8c01408100319085764da3fcf83f8f"

slick-carousel@^1.6.0:
  version "1.8.1"
  resolved "http://registry.npm.taobao.org/slick-carousel/download/slick-carousel-1.8.1.tgz#a4bfb29014887bb66ce528b90bd0cda262cc8f8d"

string-convert@^0.2.0:
  version "0.2.1"
  resolved "http://registry.npm.taobao.org/string-convert/download/string-convert-0.2.1.tgz#6982cc3049fbb4cd85f8b24568b9d9bf39eeff97"

to-fast-properties@^2.0.0:
  version "2.0.0"
  resolved "http://registry.npm.taobao.org/to-fast-properties/download/to-fast-properties-2.0.0.tgz#dc5e698cbd079265bc73e0377681a4e4e83f616e"

ua-parser-js@^0.7.9:
  version "0.7.17"
  resolved "http://registry.npm.taobao.org/ua-parser-js/download/ua-parser-js-0.7.17.tgz#e9ec5f9498b9ec910e7ae3ac626a805c4d09ecac"

warning@2.x:
  version "2.1.0"
  resolved "http://registry.npm.taobao.org/warning/download/warning-2.1.0.tgz#21220d9c63afc77a8c92111e011af705ce0c6901"
  dependencies:
    loose-envify "^1.0.0"

warning@^3.0.0, warning@~3.0.0:
  version "3.0.0"
  resolved "http://registry.npm.taobao.org/warning/download/warning-3.0.0.tgz#32e5377cb572de4ab04753bdf8821c01ed605b7c"
  dependencies:
    loose-envify "^1.0.0"

whatwg-fetch@>=0.10.0:
  version "2.0.3"
  resolved "http://registry.npm.taobao.org/whatwg-fetch/download/whatwg-fetch-2.0.3.tgz#9c84ec2dcf68187ff00bc64e1274b442176e1c84"
